
Microsoft Visual Studio Solution File, Format Version 12.00
# Visual Studio 15
VisualStudioVersion = 15.0.28307.168
MinimumVisualStudioVersion = 10.0.40219.1
Project("{FAE04EC0-301F-11D3-BF4B-00C04F79EFBC}") = "packtWebapp", "packtWebapp\packtWebapp.csproj", "{FBA06B71-96DE-4F96-BCF1-0AAA8F3321A2}"
EndProject
Global
	GlobalSection(SolutionConfigurationPlatforms) = preSolution
		Debug|Any CPU = Debug|Any CPU
		Release|Any CPU = Release|Any CPU
	EndGlobalSection
	GlobalSection(ProjectConfigurationPlatforms) = postSolution
		{FBA06B71-96DE-4F96-BCF1-0AAA8F3321A2}.Debug|Any CPU.ActiveCfg = Debug|Any CPU
		{FBA06B71-96DE-4F96-BCF1-0AAA8F3321A2}.Debug|Any CPU.Build.0 = Debug|Any CPU
		{FBA06B71-96DE-4F96-BCF1-0AAA8F3321A2}.Release|Any CPU.ActiveCfg = Release|Any CPU
		{FBA06B71-96DE-4F96-BCF1-0AAA8F3321A2}.Release|Any CPU.Build.0 = Release|Any CPU
	EndGlobalSection
	GlobalSection(SolutionProperties) = preSolution
		HideSolutionNode = FALSE
	EndGlobalSection
	GlobalSection(ExtensibilityGlobals) = postSolution
		SolutionGuid = {7CFA9C55-A997-43C1-9526-B88166D5BA1E}
	EndGlobalSection
EndGlobal
